// !$*UTF8*$!
{
	archiveVersion = 1;
	classes = {
	};
	objectVersion = 48;
	objects = {

/* Begin PBXBuildFile section */
		8F2893D5DAEDC5C14E6DBFA9 /* Pods_Kiko.framework in Frameworks */ = {isa = PBXBuildFile; fileRef = E884C575FF61AA7C9D39F4D4 /* Pods_Kiko.framework */; };
		926F1986B38428F4AA6ECCD5 /* Pods_KikoModels.framework in Frameworks */ = {isa = PBXBuildFile; fileRef = B30D3B814434A53A05F90D91 /* Pods_KikoModels.framework */; };
		9E00B28820CCC2E200C2FD17 /* MoodListView.xib in Resources */ = {isa = PBXBuildFile; fileRef = 9E00B28720CCC2E200C2FD17 /* MoodListView.xib */; };
		9E10A1082085969800CC5444 /* Date+Extensions.swift in Sources */ = {isa = PBXBuildFile; fileRef = 9E10A1072085969800CC5444 /* Date+Extensions.swift */; };
		9E10A10A2086D72000CC5444 /* WavesViewController.swift in Sources */ = {isa = PBXBuildFile; fileRef = 9E10A1092086D72000CC5444 /* WavesViewController.swift */; };
		9E10A10C2086D7B500CC5444 /* MoodUISetting.swift in Sources */ = {isa = PBXBuildFile; fileRef = 9E10A10B2086D7B500CC5444 /* MoodUISetting.swift */; };
		9E10A10F2086D86300CC5444 /* Channel.swift in Sources */ = {isa = PBXBuildFile; fileRef = 9E10A10E2086D86300CC5444 /* Channel.swift */; };
		9E10A1112086D87000CC5444 /* Protected.swift in Sources */ = {isa = PBXBuildFile; fileRef = 9E10A1102086D87000CC5444 /* Protected.swift */; };
		9E14130D2109594D006CD78D /* ArcDrawingView.swift in Sources */ = {isa = PBXBuildFile; fileRef = 9E14130C2109594D006CD78D /* ArcDrawingView.swift */; };
		9E14130F210E6BB5006CD78D /* LineDrawingView.swift in Sources */ = {isa = PBXBuildFile; fileRef = 9E14130E210E6BB5006CD78D /* LineDrawingView.swift */; };
		9E141311210E6E52006CD78D /* MonthData.swift in Sources */ = {isa = PBXBuildFile; fileRef = 9E141310210E6E52006CD78D /* MonthData.swift */; };
		9E141313210E7196006CD78D /* DateManager.swift in Sources */ = {isa = PBXBuildFile; fileRef = 9E141312210E7196006CD78D /* DateManager.swift */; };
		9E141315210E71E7006CD78D /* Day.swift in Sources */ = {isa = PBXBuildFile; fileRef = 9E141314210E71E7006CD78D /* Day.swift */; };
		9E141317210E7C1C006CD78D /* DateManagerTests.swift in Sources */ = {isa = PBXBuildFile; fileRef = 9E141316210E7C1C006CD78D /* DateManagerTests.swift */; };
		9E1413192111324D006CD78D /* AnimatedMaskButton.swift in Sources */ = {isa = PBXBuildFile; fileRef = 9E1413182111324D006CD78D /* AnimatedMaskButton.swift */; };
		9E14131D2113EB0E006CD78D /* MoodListViewModelTests.swift in Sources */ = {isa = PBXBuildFile; fileRef = 9E14131C2113EB0E006CD78D /* MoodListViewModelTests.swift */; };
		9E324FEC20747C3600C7168B /* OptimalNilCoalescing.swift in Sources */ = {isa = PBXBuildFile; fileRef = 9E324FEB20747C3600C7168B /* OptimalNilCoalescing.swift */; };
		9E324FEE2075B8F300C7168B /* UIFont+Extensions.swift in Sources */ = {isa = PBXBuildFile; fileRef = 9E324FED2075B8F300C7168B /* UIFont+Extensions.swift */; };
		9E324FF02075BFFD00C7168B /* CalendarDayCollectionViewCell.swift in Sources */ = {isa = PBXBuildFile; fileRef = 9E324FEF2075BFFD00C7168B /* CalendarDayCollectionViewCell.swift */; };
		9E324FF3207AB3EF00C7168B /* CalendarWeekCollectionViewLayout.swift in Sources */ = {isa = PBXBuildFile; fileRef = 9E324FF2207AB3EF00C7168B /* CalendarWeekCollectionViewLayout.swift */; };
		9E324FF7207ACCE900C7168B /* UITableView+Extensions.swift in Sources */ = {isa = PBXBuildFile; fileRef = 9E324FF6207ACCE900C7168B /* UITableView+Extensions.swift */; };
		9E324FF9207ACCF500C7168B /* UICollectionView+Extensions.swift in Sources */ = {isa = PBXBuildFile; fileRef = 9E324FF8207ACCF500C7168B /* UICollectionView+Extensions.swift */; };
		9E324FFB207B05F100C7168B /* MoodLogView.swift in Sources */ = {isa = PBXBuildFile; fileRef = 9E324FFA207B05F100C7168B /* MoodLogView.swift */; };
		9E39196C2070856500492F54 /* AppDelegate.swift in Sources */ = {isa = PBXBuildFile; fileRef = 9E39196B2070856500492F54 /* AppDelegate.swift */; };
		9E3919732070856500492F54 /* Assets.xcassets in Resources */ = {isa = PBXBuildFile; fileRef = 9E3919722070856500492F54 /* Assets.xcassets */; };
		9E3919762070856500492F54 /* LaunchScreen.storyboard in Resources */ = {isa = PBXBuildFile; fileRef = 9E3919742070856500492F54 /* LaunchScreen.storyboard */; };
		9E3919812070856500492F54 /* CalendarManagerTests.swift in Sources */ = {isa = PBXBuildFile; fileRef = 9E3919802070856500492F54 /* CalendarManagerTests.swift */; };
		9E3919CA207305F800492F54 /* KikoModels.framework in Frameworks */ = {isa = PBXBuildFile; fileRef = 9E3919C1207305F800492F54 /* KikoModels.framework */; };
		9E3919D1207305F800492F54 /* KikoModelsTests.swift in Sources */ = {isa = PBXBuildFile; fileRef = 9E3919D0207305F800492F54 /* KikoModelsTests.swift */; };
		9E3919D3207305F800492F54 /* KikoModels.h in Headers */ = {isa = PBXBuildFile; fileRef = 9E3919C3207305F800492F54 /* KikoModels.h */; settings = {ATTRIBUTES = (Public, ); }; };
		9E3919D6207305F800492F54 /* KikoModels.framework in Frameworks */ = {isa = PBXBuildFile; fileRef = 9E3919C1207305F800492F54 /* KikoModels.framework */; };
		9E3919D7207305F800492F54 /* KikoModels.framework in Embed Frameworks */ = {isa = PBXBuildFile; fileRef = 9E3919C1207305F800492F54 /* KikoModels.framework */; settings = {ATTRIBUTES = (CodeSignOnCopy, RemoveHeadersOnCopy, ); }; };
		9E3919E0207306E400492F54 /* MoodLogViewController.swift in Sources */ = {isa = PBXBuildFile; fileRef = 9E3919DF207306E400492F54 /* MoodLogViewController.swift */; };
		9E3919EF2073072200492F54 /* KikoUIKit.framework in Frameworks */ = {isa = PBXBuildFile; fileRef = 9E3919E62073072200492F54 /* KikoUIKit.framework */; };
		9E3919F62073072200492F54 /* KikoUIKitTests.swift in Sources */ = {isa = PBXBuildFile; fileRef = 9E3919F52073072200492F54 /* KikoUIKitTests.swift */; };
		9E3919F82073072200492F54 /* KikoUIKit.h in Headers */ = {isa = PBXBuildFile; fileRef = 9E3919E82073072200492F54 /* KikoUIKit.h */; settings = {ATTRIBUTES = (Public, ); }; };
		9E3919FB2073072200492F54 /* KikoUIKit.framework in Frameworks */ = {isa = PBXBuildFile; fileRef = 9E3919E62073072200492F54 /* KikoUIKit.framework */; };
		9E3919FC2073072200492F54 /* KikoUIKit.framework in Embed Frameworks */ = {isa = PBXBuildFile; fileRef = 9E3919E62073072200492F54 /* KikoUIKit.framework */; settings = {ATTRIBUTES = (CodeSignOnCopy, RemoveHeadersOnCopy, ); }; };
		9E391A052073093C00492F54 /* UIColor+Extensions.swift in Sources */ = {isa = PBXBuildFile; fileRef = 9E391A042073093C00492F54 /* UIColor+Extensions.swift */; };
		9E391A0720730A3B00492F54 /* BaseViewController.swift in Sources */ = {isa = PBXBuildFile; fileRef = 9E391A0620730A3B00492F54 /* BaseViewController.swift */; };
		9E391A0A20730D5D00492F54 /* CalendarWeekView.xib in Resources */ = {isa = PBXBuildFile; fileRef = 9E391A0920730D5D00492F54 /* CalendarWeekView.xib */; };
		9E391A0E2073110900492F54 /* UIView+Extensions.swift in Sources */ = {isa = PBXBuildFile; fileRef = 9E391A0D2073110900492F54 /* UIView+Extensions.swift */; };
		9E391A102073153800492F54 /* CalendarWeekView.swift in Sources */ = {isa = PBXBuildFile; fileRef = 9E391A0F2073153800492F54 /* CalendarWeekView.swift */; };
		9E391A12207324FB00492F54 /* Identifiable.swift in Sources */ = {isa = PBXBuildFile; fileRef = 9E391A11207324FB00492F54 /* Identifiable.swift */; };
		9E391A1820745ACD00492F54 /* Month.swift in Sources */ = {isa = PBXBuildFile; fileRef = 9E391A1720745ACD00492F54 /* Month.swift */; };
		9E3D38BC208EC4D900E38BE6 /* CalendarManager.swift in Sources */ = {isa = PBXBuildFile; fileRef = 9E3D38BB208EC4D900E38BE6 /* CalendarManager.swift */; };
		9E3D38BE20A1414000E38BE6 /* AlmostEquatable.swift in Sources */ = {isa = PBXBuildFile; fileRef = 9E3D38BD20A1414000E38BE6 /* AlmostEquatable.swift */; };
		9E3EC97F2117981800185D62 /* Weekday.swift in Sources */ = {isa = PBXBuildFile; fileRef = 9E3EC97E2117981800185D62 /* Weekday.swift */; };
		9E41DDCF20A8C27E00A18E9A /* TappableButton.swift in Sources */ = {isa = PBXBuildFile; fileRef = 9E41DDCE20A8C27E00A18E9A /* TappableButton.swift */; };
		9E41DDD120A8CBD300A18E9A /* AnimatedWaveView.swift in Sources */ = {isa = PBXBuildFile; fileRef = 9E41DDD020A8CBD200A18E9A /* AnimatedWaveView.swift */; };
		9E41DDD320A8DECB00A18E9A /* MoodListViewController.swift in Sources */ = {isa = PBXBuildFile; fileRef = 9E41DDD220A8DECB00A18E9A /* MoodListViewController.swift */; };
		9E41DDD520A8DEF700A18E9A /* MoodListViewModel.swift in Sources */ = {isa = PBXBuildFile; fileRef = 9E41DDD420A8DEF700A18E9A /* MoodListViewModel.swift */; };
		9E41DDD720A8DF8A00A18E9A /* String+Extensions.swift in Sources */ = {isa = PBXBuildFile; fileRef = 9E41DDD620A8DF8A00A18E9A /* String+Extensions.swift */; };
		9E41DDDA20AA71CF00A18E9A /* Mood.swift in Sources */ = {isa = PBXBuildFile; fileRef = 9E41DDD920AA71CF00A18E9A /* Mood.swift */; };
		9E435E7520B24328003822BB /* Error.swift in Sources */ = {isa = PBXBuildFile; fileRef = 9E435E7420B24328003822BB /* Error.swift */; };
		9E435E7720B4F35D003822BB /* MoodManager.swift in Sources */ = {isa = PBXBuildFile; fileRef = 9E435E7620B4F35D003822BB /* MoodManager.swift */; };
		9E435E7920B505DB003822BB /* MoodListEmptyStateView.swift in Sources */ = {isa = PBXBuildFile; fileRef = 9E435E7820B505DB003822BB /* MoodListEmptyStateView.swift */; };
		9E43B39D211FCC3A0046E4F1 /* MoodManagerTests.swift in Sources */ = {isa = PBXBuildFile; fileRef = 9E43B39C211FCC3A0046E4F1 /* MoodManagerTests.swift */; };
		9E453C2C20C0D3580041C219 /* MonthResultCollectionViewCell.xib in Resources */ = {isa = PBXBuildFile; fileRef = 9E453C2B20C0D3580041C219 /* MonthResultCollectionViewCell.xib */; };
		9E453C2E20C0D3B60041C219 /* MonthResultCollectionViewCell.swift in Sources */ = {isa = PBXBuildFile; fileRef = 9E453C2D20C0D3B60041C219 /* MonthResultCollectionViewCell.swift */; };
		9E453C3020C0DE8D0041C219 /* MonthResultsHeaderCell.swift in Sources */ = {isa = PBXBuildFile; fileRef = 9E453C2F20C0DE8D0041C219 /* MonthResultsHeaderCell.swift */; };
		9E453C3220C76AB60041C219 /* MoodListCollectionViewLayout.swift in Sources */ = {isa = PBXBuildFile; fileRef = 9E453C3120C76AB60041C219 /* MoodListCollectionViewLayout.swift */; };
		9E453C3620CCBDD10041C219 /* MoodListView.swift in Sources */ = {isa = PBXBuildFile; fileRef = 9E453C3520CCBDD10041C219 /* MoodListView.swift */; };
		9E88CEA120EEBDE0007C28BF /* HalfModalPresentationController.swift in Sources */ = {isa = PBXBuildFile; fileRef = 9E88CEA020EEBDE0007C28BF /* HalfModalPresentationController.swift */; };
		9E88CEA320F2ECA9007C28BF /* HalfModalTransitionAnimator.swift in Sources */ = {isa = PBXBuildFile; fileRef = 9E88CEA220F2ECA9007C28BF /* HalfModalTransitionAnimator.swift */; };
		9E88CEA720F2F8C9007C28BF /* HalfModalTransitioningDelegate.swift in Sources */ = {isa = PBXBuildFile; fileRef = 9E88CEA620F2F8C9007C28BF /* HalfModalTransitioningDelegate.swift */; };
		DBDA56C3A0C0E5DF53F4A05B /* Pods_KikoModelsTests.framework in Frameworks */ = {isa = PBXBuildFile; fileRef = 5B373E5015557E925AD44E40 /* Pods_KikoModelsTests.framework */; };
		F559DD005182564866BBEA82 /* Pods_KikoTests.framework in Frameworks */ = {isa = PBXBuildFile; fileRef = 579D61D10CEB00794464B027 /* Pods_KikoTests.framework */; };
/* End PBXBuildFile section */

/* Begin PBXContainerItemProxy section */
		9E39197D2070856500492F54 /* PBXContainerItemProxy */ = {
			isa = PBXContainerItemProxy;
			containerPortal = 9E3919602070856500492F54 /* Project object */;
			proxyType = 1;
			remoteGlobalIDString = 9E3919672070856500492F54;
			remoteInfo = Kiko;
		};
		9E3919CB207305F800492F54 /* PBXContainerItemProxy */ = {
			isa = PBXContainerItemProxy;
			containerPortal = 9E3919602070856500492F54 /* Project object */;
			proxyType = 1;
			remoteGlobalIDString = 9E3919C0207305F800492F54;
			remoteInfo = KikoModels;
		};
		9E3919CD207305F800492F54 /* PBXContainerItemProxy */ = {
			isa = PBXContainerItemProxy;
			containerPortal = 9E3919602070856500492F54 /* Project object */;
			proxyType = 1;
			remoteGlobalIDString = 9E3919672070856500492F54;
			remoteInfo = Kiko;
		};
		9E3919D4207305F800492F54 /* PBXContainerItemProxy */ = {
			isa = PBXContainerItemProxy;
			containerPortal = 9E3919602070856500492F54 /* Project object */;
			proxyType = 1;
			remoteGlobalIDString = 9E3919C0207305F800492F54;
			remoteInfo = KikoModels;
		};
		9E3919F02073072200492F54 /* PBXContainerItemProxy */ = {
			isa = PBXContainerItemProxy;
			containerPortal = 9E3919602070856500492F54 /* Project object */;
			proxyType = 1;
			remoteGlobalIDString = 9E3919E52073072200492F54;
			remoteInfo = KikoUIKit;
		};
		9E3919F22073072200492F54 /* PBXContainerItemProxy */ = {
			isa = PBXContainerItemProxy;
			containerPortal = 9E3919602070856500492F54 /* Project object */;
			proxyType = 1;
			remoteGlobalIDString = 9E3919672070856500492F54;
			remoteInfo = Kiko;
		};
		9E3919F92073072200492F54 /* PBXContainerItemProxy */ = {
			isa = PBXContainerItemProxy;
			containerPortal = 9E3919602070856500492F54 /* Project object */;
			proxyType = 1;
			remoteGlobalIDString = 9E3919E52073072200492F54;
			remoteInfo = KikoUIKit;
		};
/* End PBXContainerItemProxy section */

/* Begin PBXCopyFilesBuildPhase section */
		9E3919B8207305D900492F54 /* Embed Frameworks */ = {
			isa = PBXCopyFilesBuildPhase;
			buildActionMask = 2147483647;
			dstPath = "";
			dstSubfolderSpec = 10;
			files = (
				9E3919FC2073072200492F54 /* KikoUIKit.framework in Embed Frameworks */,
				9E3919D7207305F800492F54 /* KikoModels.framework in Embed Frameworks */,
			);
			name = "Embed Frameworks";
			runOnlyForDeploymentPostprocessing = 0;
		};
/* End PBXCopyFilesBuildPhase section */

/* Begin PBXFileReference section */
		223667FB34EBAC396ADE5CFD /* Pods-KikoModelsTests.debug.xcconfig */ = {isa = PBXFileReference; includeInIndex = 1; lastKnownFileType = text.xcconfig; name = "Pods-KikoModelsTests.debug.xcconfig"; path = "Pods/Target Support Files/Pods-KikoModelsTests/Pods-KikoModelsTests.debug.xcconfig"; sourceTree = "<group>"; };
		3342CD9DC94046ECA3902A97 /* Pods-KikoTests.debug.xcconfig */ = {isa = PBXFileReference; includeInIndex = 1; lastKnownFileType = text.xcconfig; name = "Pods-KikoTests.debug.xcconfig"; path = "Pods/Target Support Files/Pods-KikoTests/Pods-KikoTests.debug.xcconfig"; sourceTree = "<group>"; };
		3E6EB8C96D411FC6778C1FCC /* Pods-Kiko.release.xcconfig */ = {isa = PBXFileReference; includeInIndex = 1; lastKnownFileType = text.xcconfig; name = "Pods-Kiko.release.xcconfig"; path = "Pods/Target Support Files/Pods-Kiko/Pods-Kiko.release.xcconfig"; sourceTree = "<group>"; };
		579D61D10CEB00794464B027 /* Pods_KikoTests.framework */ = {isa = PBXFileReference; explicitFileType = wrapper.framework; includeInIndex = 0; path = Pods_KikoTests.framework; sourceTree = BUILT_PRODUCTS_DIR; };
		5B373E5015557E925AD44E40 /* Pods_KikoModelsTests.framework */ = {isa = PBXFileReference; explicitFileType = wrapper.framework; includeInIndex = 0; path = Pods_KikoModelsTests.framework; sourceTree = BUILT_PRODUCTS_DIR; };
		6AEB12078975DC02B78CB8FF /* Pods-KikoModelsTests.release.xcconfig */ = {isa = PBXFileReference; includeInIndex = 1; lastKnownFileType = text.xcconfig; name = "Pods-KikoModelsTests.release.xcconfig"; path = "Pods/Target Support Files/Pods-KikoModelsTests/Pods-KikoModelsTests.release.xcconfig"; sourceTree = "<group>"; };
		9E00B28720CCC2E200C2FD17 /* MoodListView.xib */ = {isa = PBXFileReference; lastKnownFileType = file.xib; path = MoodListView.xib; sourceTree = "<group>"; };
		9E10A1072085969800CC5444 /* Date+Extensions.swift */ = {isa = PBXFileReference; lastKnownFileType = sourcecode.swift; path = "Date+Extensions.swift"; sourceTree = "<group>"; };
		9E10A1092086D72000CC5444 /* WavesViewController.swift */ = {isa = PBXFileReference; lastKnownFileType = sourcecode.swift; path = WavesViewController.swift; sourceTree = "<group>"; };
		9E10A10B2086D7B500CC5444 /* MoodUISetting.swift */ = {isa = PBXFileReference; lastKnownFileType = sourcecode.swift; path = MoodUISetting.swift; sourceTree = "<group>"; };
		9E10A10E2086D86300CC5444 /* Channel.swift */ = {isa = PBXFileReference; lastKnownFileType = sourcecode.swift; path = Channel.swift; sourceTree = "<group>"; };
		9E10A1102086D87000CC5444 /* Protected.swift */ = {isa = PBXFileReference; lastKnownFileType = sourcecode.swift; path = Protected.swift; sourceTree = "<group>"; };
		9E14130C2109594D006CD78D /* ArcDrawingView.swift */ = {isa = PBXFileReference; lastKnownFileType = sourcecode.swift; path = ArcDrawingView.swift; sourceTree = "<group>"; };
		9E14130E210E6BB5006CD78D /* LineDrawingView.swift */ = {isa = PBXFileReference; lastKnownFileType = sourcecode.swift; path = LineDrawingView.swift; sourceTree = "<group>"; };
		9E141310210E6E52006CD78D /* MonthData.swift */ = {isa = PBXFileReference; lastKnownFileType = sourcecode.swift; path = MonthData.swift; sourceTree = "<group>"; };
		9E141312210E7196006CD78D /* DateManager.swift */ = {isa = PBXFileReference; lastKnownFileType = sourcecode.swift; path = DateManager.swift; sourceTree = "<group>"; };
		9E141314210E71E7006CD78D /* Day.swift */ = {isa = PBXFileReference; lastKnownFileType = sourcecode.swift; path = Day.swift; sourceTree = "<group>"; };
		9E141316210E7C1C006CD78D /* DateManagerTests.swift */ = {isa = PBXFileReference; lastKnownFileType = sourcecode.swift; path = DateManagerTests.swift; sourceTree = "<group>"; };
		9E1413182111324D006CD78D /* AnimatedMaskButton.swift */ = {isa = PBXFileReference; lastKnownFileType = sourcecode.swift; path = AnimatedMaskButton.swift; sourceTree = "<group>"; };
		9E14131C2113EB0E006CD78D /* MoodListViewModelTests.swift */ = {isa = PBXFileReference; lastKnownFileType = sourcecode.swift; path = MoodListViewModelTests.swift; sourceTree = "<group>"; };
		9E324FEB20747C3600C7168B /* OptimalNilCoalescing.swift */ = {isa = PBXFileReference; lastKnownFileType = sourcecode.swift; path = OptimalNilCoalescing.swift; sourceTree = "<group>"; };
		9E324FED2075B8F300C7168B /* UIFont+Extensions.swift */ = {isa = PBXFileReference; lastKnownFileType = sourcecode.swift; path = "UIFont+Extensions.swift"; sourceTree = "<group>"; };
		9E324FEF2075BFFD00C7168B /* CalendarDayCollectionViewCell.swift */ = {isa = PBXFileReference; lastKnownFileType = sourcecode.swift; path = CalendarDayCollectionViewCell.swift; sourceTree = "<group>"; };
		9E324FF2207AB3EF00C7168B /* CalendarWeekCollectionViewLayout.swift */ = {isa = PBXFileReference; lastKnownFileType = sourcecode.swift; path = CalendarWeekCollectionViewLayout.swift; sourceTree = "<group>"; };
		9E324FF6207ACCE900C7168B /* UITableView+Extensions.swift */ = {isa = PBXFileReference; lastKnownFileType = sourcecode.swift; path = "UITableView+Extensions.swift"; sourceTree = "<group>"; };
		9E324FF8207ACCF500C7168B /* UICollectionView+Extensions.swift */ = {isa = PBXFileReference; lastKnownFileType = sourcecode.swift; path = "UICollectionView+Extensions.swift"; sourceTree = "<group>"; };
		9E324FFA207B05F100C7168B /* MoodLogView.swift */ = {isa = PBXFileReference; lastKnownFileType = sourcecode.swift; path = MoodLogView.swift; sourceTree = "<group>"; };
		9E3919682070856500492F54 /* Kiko.app */ = {isa = PBXFileReference; explicitFileType = wrapper.application; includeInIndex = 0; path = Kiko.app; sourceTree = BUILT_PRODUCTS_DIR; };
		9E39196B2070856500492F54 /* AppDelegate.swift */ = {isa = PBXFileReference; lastKnownFileType = sourcecode.swift; path = AppDelegate.swift; sourceTree = "<group>"; };
		9E3919722070856500492F54 /* Assets.xcassets */ = {isa = PBXFileReference; lastKnownFileType = folder.assetcatalog; path = Assets.xcassets; sourceTree = "<group>"; };
		9E3919752070856500492F54 /* Base */ = {isa = PBXFileReference; lastKnownFileType = file.storyboard; name = Base; path = Base.lproj/LaunchScreen.storyboard; sourceTree = "<group>"; };
		9E3919772070856500492F54 /* Info.plist */ = {isa = PBXFileReference; lastKnownFileType = text.plist.xml; path = Info.plist; sourceTree = "<group>"; };
		9E39197C2070856500492F54 /* KikoTests.xctest */ = {isa = PBXFileReference; explicitFileType = wrapper.cfbundle; includeInIndex = 0; path = KikoTests.xctest; sourceTree = BUILT_PRODUCTS_DIR; };
		9E3919802070856500492F54 /* CalendarManagerTests.swift */ = {isa = PBXFileReference; lastKnownFileType = sourcecode.swift; path = CalendarManagerTests.swift; sourceTree = "<group>"; };
		9E3919822070856500492F54 /* Info.plist */ = {isa = PBXFileReference; lastKnownFileType = text.plist.xml; path = Info.plist; sourceTree = "<group>"; };
		9E3919C1207305F800492F54 /* KikoModels.framework */ = {isa = PBXFileReference; explicitFileType = wrapper.framework; includeInIndex = 0; path = KikoModels.framework; sourceTree = BUILT_PRODUCTS_DIR; };
		9E3919C3207305F800492F54 /* KikoModels.h */ = {isa = PBXFileReference; lastKnownFileType = sourcecode.c.h; path = KikoModels.h; sourceTree = "<group>"; };
		9E3919C4207305F800492F54 /* Info.plist */ = {isa = PBXFileReference; lastKnownFileType = text.plist.xml; path = Info.plist; sourceTree = "<group>"; };
		9E3919C9207305F800492F54 /* KikoModelsTests.xctest */ = {isa = PBXFileReference; explicitFileType = wrapper.cfbundle; includeInIndex = 0; path = KikoModelsTests.xctest; sourceTree = BUILT_PRODUCTS_DIR; };
		9E3919D0207305F800492F54 /* KikoModelsTests.swift */ = {isa = PBXFileReference; lastKnownFileType = sourcecode.swift; path = KikoModelsTests.swift; sourceTree = "<group>"; };
		9E3919D2207305F800492F54 /* Info.plist */ = {isa = PBXFileReference; lastKnownFileType = text.plist.xml; path = Info.plist; sourceTree = "<group>"; };
		9E3919DF207306E400492F54 /* MoodLogViewController.swift */ = {isa = PBXFileReference; lastKnownFileType = sourcecode.swift; path = MoodLogViewController.swift; sourceTree = "<group>"; };
		9E3919E62073072200492F54 /* KikoUIKit.framework */ = {isa = PBXFileReference; explicitFileType = wrapper.framework; includeInIndex = 0; path = KikoUIKit.framework; sourceTree = BUILT_PRODUCTS_DIR; };
		9E3919E82073072200492F54 /* KikoUIKit.h */ = {isa = PBXFileReference; lastKnownFileType = sourcecode.c.h; path = KikoUIKit.h; sourceTree = "<group>"; };
		9E3919E92073072200492F54 /* Info.plist */ = {isa = PBXFileReference; lastKnownFileType = text.plist.xml; path = Info.plist; sourceTree = "<group>"; };
		9E3919EE2073072200492F54 /* KikoUIKitTests.xctest */ = {isa = PBXFileReference; explicitFileType = wrapper.cfbundle; includeInIndex = 0; path = KikoUIKitTests.xctest; sourceTree = BUILT_PRODUCTS_DIR; };
		9E3919F52073072200492F54 /* KikoUIKitTests.swift */ = {isa = PBXFileReference; lastKnownFileType = sourcecode.swift; path = KikoUIKitTests.swift; sourceTree = "<group>"; };
		9E3919F72073072200492F54 /* Info.plist */ = {isa = PBXFileReference; lastKnownFileType = text.plist.xml; path = Info.plist; sourceTree = "<group>"; };
		9E391A042073093C00492F54 /* UIColor+Extensions.swift */ = {isa = PBXFileReference; lastKnownFileType = sourcecode.swift; path = "UIColor+Extensions.swift"; sourceTree = "<group>"; };
		9E391A0620730A3B00492F54 /* BaseViewController.swift */ = {isa = PBXFileReference; lastKnownFileType = sourcecode.swift; path = BaseViewController.swift; sourceTree = "<group>"; };
		9E391A0920730D5D00492F54 /* CalendarWeekView.xib */ = {isa = PBXFileReference; lastKnownFileType = file.xib; path = CalendarWeekView.xib; sourceTree = "<group>"; };
		9E391A0D2073110900492F54 /* UIView+Extensions.swift */ = {isa = PBXFileReference; lastKnownFileType = sourcecode.swift; path = "UIView+Extensions.swift"; sourceTree = "<group>"; };
		9E391A0F2073153800492F54 /* CalendarWeekView.swift */ = {isa = PBXFileReference; lastKnownFileType = sourcecode.swift; path = CalendarWeekView.swift; sourceTree = "<group>"; };
		9E391A11207324FB00492F54 /* Identifiable.swift */ = {isa = PBXFileReference; lastKnownFileType = sourcecode.swift; path = Identifiable.swift; sourceTree = "<group>"; };
		9E391A1720745ACD00492F54 /* Month.swift */ = {isa = PBXFileReference; lastKnownFileType = sourcecode.swift; path = Month.swift; sourceTree = "<group>"; };
		9E3D38BB208EC4D900E38BE6 /* CalendarManager.swift */ = {isa = PBXFileReference; lastKnownFileType = sourcecode.swift; path = CalendarManager.swift; sourceTree = "<group>"; };
		9E3D38BD20A1414000E38BE6 /* AlmostEquatable.swift */ = {isa = PBXFileReference; lastKnownFileType = sourcecode.swift; path = AlmostEquatable.swift; sourceTree = "<group>"; };
		9E3EC97E2117981800185D62 /* Weekday.swift */ = {isa = PBXFileReference; lastKnownFileType = sourcecode.swift; path = Weekday.swift; sourceTree = "<group>"; };
		9E41DDCE20A8C27E00A18E9A /* TappableButton.swift */ = {isa = PBXFileReference; lastKnownFileType = sourcecode.swift; path = TappableButton.swift; sourceTree = "<group>"; };
		9E41DDD020A8CBD200A18E9A /* AnimatedWaveView.swift */ = {isa = PBXFileReference; lastKnownFileType = sourcecode.swift; path = AnimatedWaveView.swift; sourceTree = "<group>"; };
		9E41DDD220A8DECB00A18E9A /* MoodListViewController.swift */ = {isa = PBXFileReference; lastKnownFileType = sourcecode.swift; path = MoodListViewController.swift; sourceTree = "<group>"; };
		9E41DDD420A8DEF700A18E9A /* MoodListViewModel.swift */ = {isa = PBXFileReference; lastKnownFileType = sourcecode.swift; path = MoodListViewModel.swift; sourceTree = "<group>"; };
		9E41DDD620A8DF8A00A18E9A /* String+Extensions.swift */ = {isa = PBXFileReference; lastKnownFileType = sourcecode.swift; path = "String+Extensions.swift"; sourceTree = "<group>"; };
		9E41DDD920AA71CF00A18E9A /* Mood.swift */ = {isa = PBXFileReference; lastKnownFileType = sourcecode.swift; path = Mood.swift; sourceTree = "<group>"; };
		9E435E7420B24328003822BB /* Error.swift */ = {isa = PBXFileReference; lastKnownFileType = sourcecode.swift; path = Error.swift; sourceTree = "<group>"; };
		9E435E7620B4F35D003822BB /* MoodManager.swift */ = {isa = PBXFileReference; lastKnownFileType = sourcecode.swift; path = MoodManager.swift; sourceTree = "<group>"; };
		9E435E7820B505DB003822BB /* MoodListEmptyStateView.swift */ = {isa = PBXFileReference; lastKnownFileType = sourcecode.swift; path = MoodListEmptyStateView.swift; sourceTree = "<group>"; };
		9E43B39C211FCC3A0046E4F1 /* MoodManagerTests.swift */ = {isa = PBXFileReference; lastKnownFileType = sourcecode.swift; path = MoodManagerTests.swift; sourceTree = "<group>"; };
		9E453C2B20C0D3580041C219 /* MonthResultCollectionViewCell.xib */ = {isa = PBXFileReference; lastKnownFileType = file.xib; path = MonthResultCollectionViewCell.xib; sourceTree = "<group>"; };
		9E453C2D20C0D3B60041C219 /* MonthResultCollectionViewCell.swift */ = {isa = PBXFileReference; lastKnownFileType = sourcecode.swift; path = MonthResultCollectionViewCell.swift; sourceTree = "<group>"; };
		9E453C2F20C0DE8D0041C219 /* MonthResultsHeaderCell.swift */ = {isa = PBXFileReference; lastKnownFileType = sourcecode.swift; path = MonthResultsHeaderCell.swift; sourceTree = "<group>"; };
		9E453C3120C76AB60041C219 /* MoodListCollectionViewLayout.swift */ = {isa = PBXFileReference; lastKnownFileType = sourcecode.swift; path = MoodListCollectionViewLayout.swift; sourceTree = "<group>"; };
		9E453C3520CCBDD10041C219 /* MoodListView.swift */ = {isa = PBXFileReference; lastKnownFileType = sourcecode.swift; path = MoodListView.swift; sourceTree = "<group>"; };
		9E88CEA020EEBDE0007C28BF /* HalfModalPresentationController.swift */ = {isa = PBXFileReference; lastKnownFileType = sourcecode.swift; path = HalfModalPresentationController.swift; sourceTree = "<group>"; };
		9E88CEA220F2ECA9007C28BF /* HalfModalTransitionAnimator.swift */ = {isa = PBXFileReference; lastKnownFileType = sourcecode.swift; path = HalfModalTransitionAnimator.swift; sourceTree = "<group>"; };
		9E88CEA620F2F8C9007C28BF /* HalfModalTransitioningDelegate.swift */ = {isa = PBXFileReference; lastKnownFileType = sourcecode.swift; path = HalfModalTransitioningDelegate.swift; sourceTree = "<group>"; };
		ACADB0625A0A637F5BAB649C /* Pods-Kiko.debug.xcconfig */ = {isa = PBXFileReference; includeInIndex = 1; lastKnownFileType = text.xcconfig; name = "Pods-Kiko.debug.xcconfig"; path = "Pods/Target Support Files/Pods-Kiko/Pods-Kiko.debug.xcconfig"; sourceTree = "<group>"; };
		B30D3B814434A53A05F90D91 /* Pods_KikoModels.framework */ = {isa = PBXFileReference; explicitFileType = wrapper.framework; includeInIndex = 0; path = Pods_KikoModels.framework; sourceTree = BUILT_PRODUCTS_DIR; };
		B902ED13E324BC87F32E0CCF /* Pods-KikoModels.release.xcconfig */ = {isa = PBXFileReference; includeInIndex = 1; lastKnownFileType = text.xcconfig; name = "Pods-KikoModels.release.xcconfig"; path = "Pods/Target Support Files/Pods-KikoModels/Pods-KikoModels.release.xcconfig"; sourceTree = "<group>"; };
		E884C575FF61AA7C9D39F4D4 /* Pods_Kiko.framework */ = {isa = PBXFileReference; explicitFileType = wrapper.framework; includeInIndex = 0; path = Pods_Kiko.framework; sourceTree = BUILT_PRODUCTS_DIR; };
		F4AFFFA4E97E7549211EB14B /* Pods-KikoModels.debug.xcconfig */ = {isa = PBXFileReference; includeInIndex = 1; lastKnownFileType = text.xcconfig; name = "Pods-KikoModels.debug.xcconfig"; path = "Pods/Target Support Files/Pods-KikoModels/Pods-KikoModels.debug.xcconfig"; sourceTree = "<group>"; };
		FDFFCBB54888BA63B2276B64 /* Pods-KikoTests.release.xcconfig */ = {isa = PBXFileReference; includeInIndex = 1; lastKnownFileType = text.xcconfig; name = "Pods-KikoTests.release.xcconfig"; path = "Pods/Target Support Files/Pods-KikoTests/Pods-KikoTests.release.xcconfig"; sourceTree = "<group>"; };
/* End PBXFileReference section */

/* Begin PBXFrameworksBuildPhase section */
		9E3919652070856500492F54 /* Frameworks */ = {
			isa = PBXFrameworksBuildPhase;
			buildActionMask = 2147483647;
			files = (
				9E3919FB2073072200492F54 /* KikoUIKit.framework in Frameworks */,
				9E3919D6207305F800492F54 /* KikoModels.framework in Frameworks */,
				8F2893D5DAEDC5C14E6DBFA9 /* Pods_Kiko.framework in Frameworks */,
			);
			runOnlyForDeploymentPostprocessing = 0;
		};
		9E3919792070856500492F54 /* Frameworks */ = {
			isa = PBXFrameworksBuildPhase;
			buildActionMask = 2147483647;
			files = (
				F559DD005182564866BBEA82 /* Pods_KikoTests.framework in Frameworks */,
			);
			runOnlyForDeploymentPostprocessing = 0;
		};
		9E3919BD207305F800492F54 /* Frameworks */ = {
			isa = PBXFrameworksBuildPhase;
			buildActionMask = 2147483647;
			files = (
				926F1986B38428F4AA6ECCD5 /* Pods_KikoModels.framework in Frameworks */,
			);
			runOnlyForDeploymentPostprocessing = 0;
		};
		9E3919C6207305F800492F54 /* Frameworks */ = {
			isa = PBXFrameworksBuildPhase;
			buildActionMask = 2147483647;
			files = (
				9E3919CA207305F800492F54 /* KikoModels.framework in Frameworks */,
				DBDA56C3A0C0E5DF53F4A05B /* Pods_KikoModelsTests.framework in Frameworks */,
			);
			runOnlyForDeploymentPostprocessing = 0;
		};
		9E3919E22073072200492F54 /* Frameworks */ = {
			isa = PBXFrameworksBuildPhase;
			buildActionMask = 2147483647;
			files = (
			);
			runOnlyForDeploymentPostprocessing = 0;
		};
		9E3919EB2073072200492F54 /* Frameworks */ = {
			isa = PBXFrameworksBuildPhase;
			buildActionMask = 2147483647;
			files = (
				9E3919EF2073072200492F54 /* KikoUIKit.framework in Frameworks */,
			);
			runOnlyForDeploymentPostprocessing = 0;
		};
/* End PBXFrameworksBuildPhase section */

/* Begin PBXGroup section */
		13844EDB29087DEDBFE347CF /* Pods */ = {
			isa = PBXGroup;
			children = (
				ACADB0625A0A637F5BAB649C /* Pods-Kiko.debug.xcconfig */,
				3E6EB8C96D411FC6778C1FCC /* Pods-Kiko.release.xcconfig */,
				F4AFFFA4E97E7549211EB14B /* Pods-KikoModels.debug.xcconfig */,
				B902ED13E324BC87F32E0CCF /* Pods-KikoModels.release.xcconfig */,
				223667FB34EBAC396ADE5CFD /* Pods-KikoModelsTests.debug.xcconfig */,
				6AEB12078975DC02B78CB8FF /* Pods-KikoModelsTests.release.xcconfig */,
				3342CD9DC94046ECA3902A97 /* Pods-KikoTests.debug.xcconfig */,
				FDFFCBB54888BA63B2276B64 /* Pods-KikoTests.release.xcconfig */,
			);
			name = Pods;
			sourceTree = "<group>";
		};
		899F675375AF965DEFF53B04 /* Frameworks */ = {
			isa = PBXGroup;
			children = (
				E884C575FF61AA7C9D39F4D4 /* Pods_Kiko.framework */,
				B30D3B814434A53A05F90D91 /* Pods_KikoModels.framework */,
				5B373E5015557E925AD44E40 /* Pods_KikoModelsTests.framework */,
				579D61D10CEB00794464B027 /* Pods_KikoTests.framework */,
			);
			name = Frameworks;
			sourceTree = "<group>";
		};
		9E10A10D2086D84700CC5444 /* Utility */ = {
			isa = PBXGroup;
			children = (
				9E10A10B2086D7B500CC5444 /* MoodUISetting.swift */,
			);
			path = Utility;
			sourceTree = "<group>";
		};
		9E10A1122086D87600CC5444 /* Reactive */ = {
			isa = PBXGroup;
			children = (
				9E10A10E2086D86300CC5444 /* Channel.swift */,
				9E10A1102086D87000CC5444 /* Protected.swift */,
			);
			path = Reactive;
			sourceTree = "<group>";
		};
		9E14131A2113EAE2006CD78D /* ViewModelTests */ = {
			isa = PBXGroup;
			children = (
				9E3919802070856500492F54 /* CalendarManagerTests.swift */,
				9E14131C2113EB0E006CD78D /* MoodListViewModelTests.swift */,
			);
			path = ViewModelTests;
			sourceTree = "<group>";
		};
		9E14131B2113EAF1006CD78D /* ManagerTests */ = {
			isa = PBXGroup;
			children = (
				9E141316210E7C1C006CD78D /* DateManagerTests.swift */,
				9E43B39C211FCC3A0046E4F1 /* MoodManagerTests.swift */,
			);
			path = ManagerTests;
			sourceTree = "<group>";
		};
		9E324FEA20747C1F00C7168B /* Misc */ = {
			isa = PBXGroup;
			children = (
				9E324FEB20747C3600C7168B /* OptimalNilCoalescing.swift */,
				9E10A1072085969800CC5444 /* Date+Extensions.swift */,
			);
			path = Misc;
			sourceTree = "<group>";
		};
		9E324FF1207AB2D300C7168B /* Cells */ = {
			isa = PBXGroup;
			children = (
				9E453C2B20C0D3580041C219 /* MonthResultCollectionViewCell.xib */,
				9E453C2D20C0D3B60041C219 /* MonthResultCollectionViewCell.swift */,
				9E324FEF2075BFFD00C7168B /* CalendarDayCollectionViewCell.swift */,
				9E453C2F20C0DE8D0041C219 /* MonthResultsHeaderCell.swift */,
			);
			path = Cells;
			sourceTree = "<group>";
		};
		9E39195F2070856500492F54 = {
			isa = PBXGroup;
			children = (
				9E39196A2070856500492F54 /* Kiko */,
				9E39197F2070856500492F54 /* KikoTests */,
				9E3919E72073072200492F54 /* KikoUIKit */,
				9E3919C2207305F800492F54 /* KikoModels */,
				9E3919F42073072200492F54 /* KikoUIKitTests */,
				9E3919CF207305F800492F54 /* KikoModelsTests */,
				9E3919692070856500492F54 /* Products */,
				13844EDB29087DEDBFE347CF /* Pods */,
				899F675375AF965DEFF53B04 /* Frameworks */,
			);
			sourceTree = "<group>";
		};
		9E3919692070856500492F54 /* Products */ = {
			isa = PBXGroup;
			children = (
				9E3919682070856500492F54 /* Kiko.app */,
				9E39197C2070856500492F54 /* KikoTests.xctest */,
				9E3919C1207305F800492F54 /* KikoModels.framework */,
				9E3919C9207305F800492F54 /* KikoModelsTests.xctest */,
				9E3919E62073072200492F54 /* KikoUIKit.framework */,
				9E3919EE2073072200492F54 /* KikoUIKitTests.xctest */,
			);
			name = Products;
			sourceTree = "<group>";
		};
		9E39196A2070856500492F54 /* Kiko */ = {
			isa = PBXGroup;
			children = (
				9E3D38BA208EC47A00E38BE6 /* View Models */,
				9E391A0820730D4200492F54 /* Views */,
				9E3919DE2073061600492F54 /* ViewControllers */,
				9E39196B2070856500492F54 /* AppDelegate.swift */,
				9E10A10D2086D84700CC5444 /* Utility */,
				9E3919722070856500492F54 /* Assets.xcassets */,
				9E3919742070856500492F54 /* LaunchScreen.storyboard */,
				9E3919772070856500492F54 /* Info.plist */,
			);
			path = Kiko;
			sourceTree = "<group>";
		};
		9E39197F2070856500492F54 /* KikoTests */ = {
			isa = PBXGroup;
			children = (
				9E14131B2113EAF1006CD78D /* ManagerTests */,
				9E14131A2113EAE2006CD78D /* ViewModelTests */,
				9E3919822070856500492F54 /* Info.plist */,
			);
			path = KikoTests;
			sourceTree = "<group>";
		};
		9E3919C2207305F800492F54 /* KikoModels */ = {
			isa = PBXGroup;
			children = (
				9E41DDD820AA71C600A18E9A /* Models */,
				9E10A1122086D87600CC5444 /* Reactive */,
				9E324FEA20747C1F00C7168B /* Misc */,
				9E3919C3207305F800492F54 /* KikoModels.h */,
				9E3919C4207305F800492F54 /* Info.plist */,
				9E391A1720745ACD00492F54 /* Month.swift */,
				9E141314210E71E7006CD78D /* Day.swift */,
				9E3EC97E2117981800185D62 /* Weekday.swift */,
				9E3D38BF20A1414500E38BE6 /* Protocols */,
				9E435E7420B24328003822BB /* Error.swift */,
			);
			path = KikoModels;
			sourceTree = "<group>";
		};
		9E3919CF207305F800492F54 /* KikoModelsTests */ = {
			isa = PBXGroup;
			children = (
				9E3919D0207305F800492F54 /* KikoModelsTests.swift */,
				9E3919D2207305F800492F54 /* Info.plist */,
			);
			path = KikoModelsTests;
			sourceTree = "<group>";
		};
		9E3919DE2073061600492F54 /* ViewControllers */ = {
			isa = PBXGroup;
			children = (
				9E88CE9F20EEBD4D007C28BF /* AnimationControllers */,
				9E88CE9E20EEBD41007C28BF /* PresentationControllers */,
				9E391A0620730A3B00492F54 /* BaseViewController.swift */,
				9E3919DF207306E400492F54 /* MoodLogViewController.swift */,
				9E10A1092086D72000CC5444 /* WavesViewController.swift */,
				9E41DDD220A8DECB00A18E9A /* MoodListViewController.swift */,
				9E453C3120C76AB60041C219 /* MoodListCollectionViewLayout.swift */,
			);
			path = ViewControllers;
			sourceTree = "<group>";
		};
		9E3919E72073072200492F54 /* KikoUIKit */ = {
			isa = PBXGroup;
			children = (
				9E391A032073092400492F54 /* Extensions */,
				9E3919E92073072200492F54 /* Info.plist */,
				9E3919E82073072200492F54 /* KikoUIKit.h */,
				9E391A132073250000492F54 /* Protocols */,
				9E41DDCE20A8C27E00A18E9A /* TappableButton.swift */,
			);
			path = KikoUIKit;
			sourceTree = "<group>";
		};
		9E3919F42073072200492F54 /* KikoUIKitTests */ = {
			isa = PBXGroup;
			children = (
				9E3919F52073072200492F54 /* KikoUIKitTests.swift */,
				9E3919F72073072200492F54 /* Info.plist */,
			);
			path = KikoUIKitTests;
			sourceTree = "<group>";
		};
		9E391A032073092400492F54 /* Extensions */ = {
			isa = PBXGroup;
			children = (
				9E324FED2075B8F300C7168B /* UIFont+Extensions.swift */,
				9E391A042073093C00492F54 /* UIColor+Extensions.swift */,
				9E391A0D2073110900492F54 /* UIView+Extensions.swift */,
				9E324FF6207ACCE900C7168B /* UITableView+Extensions.swift */,
				9E324FF8207ACCF500C7168B /* UICollectionView+Extensions.swift */,
				9E41DDD620A8DF8A00A18E9A /* String+Extensions.swift */,
			);
			path = Extensions;
			sourceTree = "<group>";
		};
		9E391A0820730D4200492F54 /* Views */ = {
			isa = PBXGroup;
			children = (
				9E41DDD020A8CBD200A18E9A /* AnimatedWaveView.swift */,
				9E14130C2109594D006CD78D /* ArcDrawingView.swift */,
				9E324FF2207AB3EF00C7168B /* CalendarWeekCollectionViewLayout.swift */,
				9E391A0F2073153800492F54 /* CalendarWeekView.swift */,
				9E391A0920730D5D00492F54 /* CalendarWeekView.xib */,
				9E14130E210E6BB5006CD78D /* LineDrawingView.swift */,
				9E435E7820B505DB003822BB /* MoodListEmptyStateView.swift */,
				9E324FFA207B05F100C7168B /* MoodLogView.swift */,
				9E1413182111324D006CD78D /* AnimatedMaskButton.swift */,
				9E453C3520CCBDD10041C219 /* MoodListView.swift */,
				9E00B28720CCC2E200C2FD17 /* MoodListView.xib */,
				9E324FF1207AB2D300C7168B /* Cells */,
			);
			path = Views;
			sourceTree = "<group>";
		};
		9E391A132073250000492F54 /* Protocols */ = {
			isa = PBXGroup;
			children = (
				9E391A11207324FB00492F54 /* Identifiable.swift */,
			);
			path = Protocols;
			sourceTree = "<group>";
		};
		9E3D38BA208EC47A00E38BE6 /* View Models */ = {
			isa = PBXGroup;
			children = (
				9E3D38BB208EC4D900E38BE6 /* CalendarManager.swift */,
				9E41DDD420A8DEF700A18E9A /* MoodListViewModel.swift */,
				9E141310210E6E52006CD78D /* MonthData.swift */,
				9E141312210E7196006CD78D /* DateManager.swift */,
			);
			path = "View Models";
			sourceTree = "<group>";
		};
		9E3D38BF20A1414500E38BE6 /* Protocols */ = {
			isa = PBXGroup;
			children = (
				9E3D38BD20A1414000E38BE6 /* AlmostEquatable.swift */,
			);
			path = Protocols;
			sourceTree = "<group>";
		};
		9E41DDD820AA71C600A18E9A /* Models */ = {
			isa = PBXGroup;
			children = (
				9E41DDD920AA71CF00A18E9A /* Mood.swift */,
				9E435E7620B4F35D003822BB /* MoodManager.swift */,
			);
			path = Models;
			sourceTree = "<group>";
		};
		9E88CE9E20EEBD41007C28BF /* PresentationControllers */ = {
			isa = PBXGroup;
			children = (
				9E88CEA020EEBDE0007C28BF /* HalfModalPresentationController.swift */,
			);
			path = PresentationControllers;
			sourceTree = "<group>";
		};
		9E88CE9F20EEBD4D007C28BF /* AnimationControllers */ = {
			isa = PBXGroup;
			children = (
				9E88CEA220F2ECA9007C28BF /* HalfModalTransitionAnimator.swift */,
				9E88CEA620F2F8C9007C28BF /* HalfModalTransitioningDelegate.swift */,
			);
			path = AnimationControllers;
			sourceTree = "<group>";
		};
/* End PBXGroup section */

/* Begin PBXHeadersBuildPhase section */
		9E3919BE207305F800492F54 /* Headers */ = {
			isa = PBXHeadersBuildPhase;
			buildActionMask = 2147483647;
			files = (
				9E3919D3207305F800492F54 /* KikoModels.h in Headers */,
			);
			runOnlyForDeploymentPostprocessing = 0;
		};
		9E3919E32073072200492F54 /* Headers */ = {
			isa = PBXHeadersBuildPhase;
			buildActionMask = 2147483647;
			files = (
				9E3919F82073072200492F54 /* KikoUIKit.h in Headers */,
			);
			runOnlyForDeploymentPostprocessing = 0;
		};
/* End PBXHeadersBuildPhase section */

/* Begin PBXNativeTarget section */
		9E3919672070856500492F54 /* Kiko */ = {
			isa = PBXNativeTarget;
			buildConfigurationList = 9E3919902070856500492F54 /* Build configuration list for PBXNativeTarget "Kiko" */;
			buildPhases = (
				22FF803DA919FC81F4B9CBEB /* [CP] Check Pods Manifest.lock */,
				9E9E50022104E9FD00B4F32A /* Run SwiftLint */,
				9E3919642070856500492F54 /* Sources */,
				9E3919652070856500492F54 /* Frameworks */,
				9E3919662070856500492F54 /* Resources */,
				9E3919B8207305D900492F54 /* Embed Frameworks */,
				1108DB6F7B229B52E6F68BAA /* [CP] Embed Pods Frameworks */,
			);
			buildRules = (
			);
			dependencies = (
				9E3919D5207305F800492F54 /* PBXTargetDependency */,
				9E3919FA2073072200492F54 /* PBXTargetDependency */,
			);
			name = Kiko;
			productName = Kiko;
			productReference = 9E3919682070856500492F54 /* Kiko.app */;
			productType = "com.apple.product-type.application";
		};
		9E39197B2070856500492F54 /* KikoTests */ = {
			isa = PBXNativeTarget;
			buildConfigurationList = 9E3919932070856500492F54 /* Build configuration list for PBXNativeTarget "KikoTests" */;
			buildPhases = (
				72B262C607CD5EB295DD7CE4 /* [CP] Check Pods Manifest.lock */,
				9E3919782070856500492F54 /* Sources */,
				9E3919792070856500492F54 /* Frameworks */,
				9E39197A2070856500492F54 /* Resources */,
			);
			buildRules = (
			);
			dependencies = (
				9E39197E2070856500492F54 /* PBXTargetDependency */,
			);
			name = KikoTests;
			productName = KikoTests;
			productReference = 9E39197C2070856500492F54 /* KikoTests.xctest */;
			productType = "com.apple.product-type.bundle.unit-test";
		};
		9E3919C0207305F800492F54 /* KikoModels */ = {
			isa = PBXNativeTarget;
			buildConfigurationList = 9E3919D8207305F800492F54 /* Build configuration list for PBXNativeTarget "KikoModels" */;
			buildPhases = (
				7F83F50450151ECA5828CC95 /* [CP] Check Pods Manifest.lock */,
				9E3919BC207305F800492F54 /* Sources */,
				9E3919BD207305F800492F54 /* Frameworks */,
				9E3919BE207305F800492F54 /* Headers */,
				9E3919BF207305F800492F54 /* Resources */,
			);
			buildRules = (
			);
			dependencies = (
			);
			name = KikoModels;
			productName = KikoModels;
			productReference = 9E3919C1207305F800492F54 /* KikoModels.framework */;
			productType = "com.apple.product-type.framework";
		};
		9E3919C8207305F800492F54 /* KikoModelsTests */ = {
			isa = PBXNativeTarget;
			buildConfigurationList = 9E3919DB207305F800492F54 /* Build configuration list for PBXNativeTarget "KikoModelsTests" */;
			buildPhases = (
				B10D99F1ECD4A64D76E729A3 /* [CP] Check Pods Manifest.lock */,
				9E3919C5207305F800492F54 /* Sources */,
				9E3919C6207305F800492F54 /* Frameworks */,
				9E3919C7207305F800492F54 /* Resources */,
				04FFED3FC10623E0466C59B1 /* [CP] Embed Pods Frameworks */,
			);
			buildRules = (
			);
			dependencies = (
				9E3919CC207305F800492F54 /* PBXTargetDependency */,
				9E3919CE207305F800492F54 /* PBXTargetDependency */,
			);
			name = KikoModelsTests;
			productName = KikoModelsTests;
			productReference = 9E3919C9207305F800492F54 /* KikoModelsTests.xctest */;
			productType = "com.apple.product-type.bundle.unit-test";
		};
		9E3919E52073072200492F54 /* KikoUIKit */ = {
			isa = PBXNativeTarget;
			buildConfigurationList = 9E3919FD2073072200492F54 /* Build configuration list for PBXNativeTarget "KikoUIKit" */;
			buildPhases = (
				9E3919E12073072200492F54 /* Sources */,
				9E3919E22073072200492F54 /* Frameworks */,
				9E3919E32073072200492F54 /* Headers */,
				9E3919E42073072200492F54 /* Resources */,
			);
			buildRules = (
			);
			dependencies = (
			);
			name = KikoUIKit;
			productName = KikoUIKit;
			productReference = 9E3919E62073072200492F54 /* KikoUIKit.framework */;
			productType = "com.apple.product-type.framework";
		};
		9E3919ED2073072200492F54 /* KikoUIKitTests */ = {
			isa = PBXNativeTarget;
			buildConfigurationList = 9E391A002073072200492F54 /* Build configuration list for PBXNativeTarget "KikoUIKitTests" */;
			buildPhases = (
				9E3919EA2073072200492F54 /* Sources */,
				9E3919EB2073072200492F54 /* Frameworks */,
				9E3919EC2073072200492F54 /* Resources */,
			);
			buildRules = (
			);
			dependencies = (
				9E3919F12073072200492F54 /* PBXTargetDependency */,
				9E3919F32073072200492F54 /* PBXTargetDependency */,
			);
			name = KikoUIKitTests;
			productName = KikoUIKitTests;
			productReference = 9E3919EE2073072200492F54 /* KikoUIKitTests.xctest */;
			productType = "com.apple.product-type.bundle.unit-test";
		};
/* End PBXNativeTarget section */

/* Begin PBXProject section */
		9E3919602070856500492F54 /* Project object */ = {
			isa = PBXProject;
			attributes = {
				LastSwiftUpdateCheck = 0920;
				LastUpgradeCheck = 0920;
				ORGANIZATIONNAME = "Danning Ge";
				TargetAttributes = {
					9E3919672070856500492F54 = {
						CreatedOnToolsVersion = 9.2;
						ProvisioningStyle = Automatic;
					};
					9E39197B2070856500492F54 = {
						CreatedOnToolsVersion = 9.2;
						ProvisioningStyle = Automatic;
						TestTargetID = 9E3919672070856500492F54;
					};
					9E3919C0207305F800492F54 = {
						CreatedOnToolsVersion = 9.2;
						LastSwiftMigration = 0920;
						ProvisioningStyle = Automatic;
					};
					9E3919C8207305F800492F54 = {
						CreatedOnToolsVersion = 9.2;
						ProvisioningStyle = Automatic;
						TestTargetID = 9E3919672070856500492F54;
					};
					9E3919E52073072200492F54 = {
						CreatedOnToolsVersion = 9.2;
						LastSwiftMigration = 0920;
						ProvisioningStyle = Automatic;
					};
					9E3919ED2073072200492F54 = {
						CreatedOnToolsVersion = 9.2;
						ProvisioningStyle = Automatic;
						TestTargetID = 9E3919672070856500492F54;
					};
				};
			};
			buildConfigurationList = 9E3919632070856500492F54 /* Build configuration list for PBXProject "Kiko" */;
			compatibilityVersion = "Xcode 8.0";
			developmentRegion = en;
			hasScannedForEncodings = 0;
			knownRegions = (
				en,
				Base,
			);
			mainGroup = 9E39195F2070856500492F54;
			productRefGroup = 9E3919692070856500492F54 /* Products */;
			projectDirPath = "";
			projectRoot = "";
			targets = (
				9E3919672070856500492F54 /* Kiko */,
				9E39197B2070856500492F54 /* KikoTests */,
				9E3919C0207305F800492F54 /* KikoModels */,
				9E3919C8207305F800492F54 /* KikoModelsTests */,
				9E3919E52073072200492F54 /* KikoUIKit */,
				9E3919ED2073072200492F54 /* KikoUIKitTests */,
			);
		};
/* End PBXProject section */

/* Begin PBXResourcesBuildPhase section */
		9E3919662070856500492F54 /* Resources */ = {
			isa = PBXResourcesBuildPhase;
			buildActionMask = 2147483647;
			files = (
				9E3919762070856500492F54 /* LaunchScreen.storyboard in Resources */,
				9E00B28820CCC2E200C2FD17 /* MoodListView.xib in Resources */,
				9E391A0A20730D5D00492F54 /* CalendarWeekView.xib in Resources */,
				9E453C2C20C0D3580041C219 /* MonthResultCollectionViewCell.xib in Resources */,
				9E3919732070856500492F54 /* Assets.xcassets in Resources */,
			);
			runOnlyForDeploymentPostprocessing = 0;
		};
		9E39197A2070856500492F54 /* Resources */ = {
			isa = PBXResourcesBuildPhase;
			buildActionMask = 2147483647;
			files = (
			);
			runOnlyForDeploymentPostprocessing = 0;
		};
		9E3919BF207305F800492F54 /* Resources */ = {
			isa = PBXResourcesBuildPhase;
			buildActionMask = 2147483647;
			files = (
			);
			runOnlyForDeploymentPostprocessing = 0;
		};
		9E3919C7207305F800492F54 /* Resources */ = {
			isa = PBXResourcesBuildPhase;
			buildActionMask = 2147483647;
			files = (
			);
			runOnlyForDeploymentPostprocessing = 0;
		};
		9E3919E42073072200492F54 /* Resources */ = {
			isa = PBXResourcesBuildPhase;
			buildActionMask = 2147483647;
			files = (
			);
			runOnlyForDeploymentPostprocessing = 0;
		};
		9E3919EC2073072200492F54 /* Resources */ = {
			isa = PBXResourcesBuildPhase;
			buildActionMask = 2147483647;
			files = (
			);
			runOnlyForDeploymentPostprocessing = 0;
		};
/* End PBXResourcesBuildPhase section */

/* Begin PBXShellScriptBuildPhase section */
		04FFED3FC10623E0466C59B1 /* [CP] Embed Pods Frameworks */ = {
			isa = PBXShellScriptBuildPhase;
			buildActionMask = 2147483647;
			files = (
			);
			inputPaths = (
				"${SRCROOT}/Pods/Target Support Files/Pods-KikoModelsTests/Pods-KikoModelsTests-frameworks.sh",
				"${BUILT_PRODUCTS_DIR}/Realm/Realm.framework",
				"${BUILT_PRODUCTS_DIR}/RealmSwift/RealmSwift.framework",
			);
			name = "[CP] Embed Pods Frameworks";
			outputPaths = (
				"${TARGET_BUILD_DIR}/${FRAMEWORKS_FOLDER_PATH}/Realm.framework",
				"${TARGET_BUILD_DIR}/${FRAMEWORKS_FOLDER_PATH}/RealmSwift.framework",
			);
			runOnlyForDeploymentPostprocessing = 0;
			shellPath = /bin/sh;
			shellScript = "\"${SRCROOT}/Pods/Target Support Files/Pods-KikoModelsTests/Pods-KikoModelsTests-frameworks.sh\"\n";
			showEnvVarsInLog = 0;
		};
		1108DB6F7B229B52E6F68BAA /* [CP] Embed Pods Frameworks */ = {
			isa = PBXShellScriptBuildPhase;
			buildActionMask = 2147483647;
			files = (
			);
			inputPaths = (
				"${SRCROOT}/Pods/Target Support Files/Pods-Kiko/Pods-Kiko-frameworks.sh",
				"${BUILT_PRODUCTS_DIR}/Realm/Realm.framework",
				"${BUILT_PRODUCTS_DIR}/RealmSwift/RealmSwift.framework",
			);
			name = "[CP] Embed Pods Frameworks";
			outputPaths = (
				"${TARGET_BUILD_DIR}/${FRAMEWORKS_FOLDER_PATH}/Realm.framework",
				"${TARGET_BUILD_DIR}/${FRAMEWORKS_FOLDER_PATH}/RealmSwift.framework",
			);
			runOnlyForDeploymentPostprocessing = 0;
			shellPath = /bin/sh;
			shellScript = "\"${SRCROOT}/Pods/Target Support Files/Pods-Kiko/Pods-Kiko-frameworks.sh\"\n";
			showEnvVarsInLog = 0;
		};
		22FF803DA919FC81F4B9CBEB /* [CP] Check Pods Manifest.lock */ = {
			isa = PBXShellScriptBuildPhase;
			buildActionMask = 2147483647;
			files = (
			);
			inputPaths = (
				"${PODS_PODFILE_DIR_PATH}/Podfile.lock",
				"${PODS_ROOT}/Manifest.lock",
			);
			name = "[CP] Check Pods Manifest.lock";
			outputPaths = (
				"$(DERIVED_FILE_DIR)/Pods-Kiko-checkManifestLockResult.txt",
			);
			runOnlyForDeploymentPostprocessing = 0;
			shellPath = /bin/sh;
			shellScript = "diff \"${PODS_PODFILE_DIR_PATH}/Podfile.lock\" \"${PODS_ROOT}/Manifest.lock\" > /dev/null\nif [ $? != 0 ] ; then\n    # print error to STDERR\n    echo \"error: The sandbox is not in sync with the Podfile.lock. Run 'pod install' or update your CocoaPods installation.\" >&2\n    exit 1\nfi\n# This output is used by Xcode 'outputs' to avoid re-running this script phase.\necho \"SUCCESS\" > \"${SCRIPT_OUTPUT_FILE_0}\"\n";
			showEnvVarsInLog = 0;
		};
		72B262C607CD5EB295DD7CE4 /* [CP] Check Pods Manifest.lock */ = {
			isa = PBXShellScriptBuildPhase;
			buildActionMask = 2147483647;
			files = (
			);
			inputPaths = (
				"${PODS_PODFILE_DIR_PATH}/Podfile.lock",
				"${PODS_ROOT}/Manifest.lock",
			);
			name = "[CP] Check Pods Manifest.lock";
			outputPaths = (
				"$(DERIVED_FILE_DIR)/Pods-KikoTests-checkManifestLockResult.txt",
			);
			runOnlyForDeploymentPostprocessing = 0;
			shellPath = /bin/sh;
			shellScript = "diff \"${PODS_PODFILE_DIR_PATH}/Podfile.lock\" \"${PODS_ROOT}/Manifest.lock\" > /dev/null\nif [ $? != 0 ] ; then\n    # print error to STDERR\n    echo \"error: The sandbox is not in sync with the Podfile.lock. Run 'pod install' or update your CocoaPods installation.\" >&2\n    exit 1\nfi\n# This output is used by Xcode 'outputs' to avoid re-running this script phase.\necho \"SUCCESS\" > \"${SCRIPT_OUTPUT_FILE_0}\"\n";
			showEnvVarsInLog = 0;
		};
		7F83F50450151ECA5828CC95 /* [CP] Check Pods Manifest.lock */ = {
			isa = PBXShellScriptBuildPhase;
			buildActionMask = 2147483647;
			files = (
			);
			inputPaths = (
				"${PODS_PODFILE_DIR_PATH}/Podfile.lock",
				"${PODS_ROOT}/Manifest.lock",
			);
			name = "[CP] Check Pods Manifest.lock";
			outputPaths = (
				"$(DERIVED_FILE_DIR)/Pods-KikoModels-checkManifestLockResult.txt",
			);
			runOnlyForDeploymentPostprocessing = 0;
			shellPath = /bin/sh;
			shellScript = "diff \"${PODS_PODFILE_DIR_PATH}/Podfile.lock\" \"${PODS_ROOT}/Manifest.lock\" > /dev/null\nif [ $? != 0 ] ; then\n    # print error to STDERR\n    echo \"error: The sandbox is not in sync with the Podfile.lock. Run 'pod install' or update your CocoaPods installation.\" >&2\n    exit 1\nfi\n# This output is used by Xcode 'outputs' to avoid re-running this script phase.\necho \"SUCCESS\" > \"${SCRIPT_OUTPUT_FILE_0}\"\n";
			showEnvVarsInLog = 0;
		};
		9E9E50022104E9FD00B4F32A /* Run SwiftLint */ = {
			isa = PBXShellScriptBuildPhase;
			buildActionMask = 2147483647;
			files = (
			);
			inputPaths = (
			);
			name = "Run SwiftLint";
			outputPaths = (
			);
			runOnlyForDeploymentPostprocessing = 0;
			shellPath = /bin/sh;
			shellScript = "\"${PODS_ROOT}/SwiftLint/swiftlint\"";
		};
		B10D99F1ECD4A64D76E729A3 /* [CP] Check Pods Manifest.lock */ = {
			isa = PBXShellScriptBuildPhase;
			buildActionMask = 2147483647;
			files = (
			);
			inputPaths = (
				"${PODS_PODFILE_DIR_PATH}/Podfile.lock",
				"${PODS_ROOT}/Manifest.lock",
			);
			name = "[CP] Check Pods Manifest.lock";
			outputPaths = (
				"$(DERIVED_FILE_DIR)/Pods-KikoModelsTests-checkManifestLockResult.txt",
			);
			runOnlyForDeploymentPostprocessing = 0;
			shellPath = /bin/sh;
			shellScript = "diff \"${PODS_PODFILE_DIR_PATH}/Podfile.lock\" \"${PODS_ROOT}/Manifest.lock\" > /dev/null\nif [ $? != 0 ] ; then\n    # print error to STDERR\n    echo \"error: The sandbox is not in sync with the Podfile.lock. Run 'pod install' or update your CocoaPods installation.\" >&2\n    exit 1\nfi\n# This output is used by Xcode 'outputs' to avoid re-running this script phase.\necho \"SUCCESS\" > \"${SCRIPT_OUTPUT_FILE_0}\"\n";
			showEnvVarsInLog = 0;
		};
/* End PBXShellScriptBuildPhase section */

/* Begin PBXSourcesBuildPhase section */
		9E3919642070856500492F54 /* Sources */ = {
			isa = PBXSourcesBuildPhase;
			buildActionMask = 2147483647;
			files = (
				9E10A1112086D87000CC5444 /* Protected.swift in Sources */,
				9E41DDD320A8DECB00A18E9A /* MoodListViewController.swift in Sources */,
				9E453C2E20C0D3B60041C219 /* MonthResultCollectionViewCell.swift in Sources */,
				9E324FFB207B05F100C7168B /* MoodLogView.swift in Sources */,
				9E3919E0207306E400492F54 /* MoodLogViewController.swift in Sources */,
				9E10A10F2086D86300CC5444 /* Channel.swift in Sources */,
				9E453C3620CCBDD10041C219 /* MoodListView.swift in Sources */,
				9E88CEA320F2ECA9007C28BF /* HalfModalTransitionAnimator.swift in Sources */,
				9E453C3220C76AB60041C219 /* MoodListCollectionViewLayout.swift in Sources */,
				9E324FF02075BFFD00C7168B /* CalendarDayCollectionViewCell.swift in Sources */,
				9E88CEA720F2F8C9007C28BF /* HalfModalTransitioningDelegate.swift in Sources */,
				9E41DDD520A8DEF700A18E9A /* MoodListViewModel.swift in Sources */,
				9E1413192111324D006CD78D /* AnimatedMaskButton.swift in Sources */,
				9E14130D2109594D006CD78D /* ArcDrawingView.swift in Sources */,
				9E453C3020C0DE8D0041C219 /* MonthResultsHeaderCell.swift in Sources */,
				9E39196C2070856500492F54 /* AppDelegate.swift in Sources */,
				9E391A102073153800492F54 /* CalendarWeekView.swift in Sources */,
				9E41DDD120A8CBD300A18E9A /* AnimatedWaveView.swift in Sources */,
				9E324FF3207AB3EF00C7168B /* CalendarWeekCollectionViewLayout.swift in Sources */,
				9E3D38BC208EC4D900E38BE6 /* CalendarManager.swift in Sources */,
				9E391A0720730A3B00492F54 /* BaseViewController.swift in Sources */,
				9E435E7920B505DB003822BB /* MoodListEmptyStateView.swift in Sources */,
				9E10A10A2086D72000CC5444 /* WavesViewController.swift in Sources */,
				9E10A10C2086D7B500CC5444 /* MoodUISetting.swift in Sources */,
				9E88CEA120EEBDE0007C28BF /* HalfModalPresentationController.swift in Sources */,
				9E141311210E6E52006CD78D /* MonthData.swift in Sources */,
				9E141313210E7196006CD78D /* DateManager.swift in Sources */,
				9E14130F210E6BB5006CD78D /* LineDrawingView.swift in Sources */,
			);
			runOnlyForDeploymentPostprocessing = 0;
		};
		9E3919782070856500492F54 /* Sources */ = {
			isa = PBXSourcesBuildPhase;
			buildActionMask = 2147483647;
			files = (
				9E14131D2113EB0E006CD78D /* MoodListViewModelTests.swift in Sources */,
				9E3919812070856500492F54 /* CalendarManagerTests.swift in Sources */,
				9E43B39D211FCC3A0046E4F1 /* MoodManagerTests.swift in Sources */,
				9E141317210E7C1C006CD78D /* DateManagerTests.swift in Sources */,
			);
			runOnlyForDeploymentPostprocessing = 0;
		};
		9E3919BC207305F800492F54 /* Sources */ = {
			isa = PBXSourcesBuildPhase;
			buildActionMask = 2147483647;
			files = (
				9E41DDDA20AA71CF00A18E9A /* Mood.swift in Sources */,
				9E3D38BE20A1414000E38BE6 /* AlmostEquatable.swift in Sources */,
				9E3EC97F2117981800185D62 /* Weekday.swift in Sources */,
				9E141315210E71E7006CD78D /* Day.swift in Sources */,
				9E324FEC20747C3600C7168B /* OptimalNilCoalescing.swift in Sources */,
				9E391A1820745ACD00492F54 /* Month.swift in Sources */,
				9E10A1082085969800CC5444 /* Date+Extensions.swift in Sources */,
				9E435E7520B24328003822BB /* Error.swift in Sources */,
				9E435E7720B4F35D003822BB /* MoodManager.swift in Sources */,
			);
			runOnlyForDeploymentPostprocessing = 0;
		};
		9E3919C5207305F800492F54 /* Sources */ = {
			isa = PBXSourcesBuildPhase;
			buildActionMask = 2147483647;
			files = (
				9E3919D1207305F800492F54 /* KikoModelsTests.swift in Sources */,
			);
			runOnlyForDeploymentPostprocessing = 0;
		};
		9E3919E12073072200492F54 /* Sources */ = {
			isa = PBXSourcesBuildPhase;
			buildActionMask = 2147483647;
			files = (
				9E324FF7207ACCE900C7168B /* UITableView+Extensions.swift in Sources */,
				9E41DDCF20A8C27E00A18E9A /* TappableButton.swift in Sources */,
				9E324FEE2075B8F300C7168B /* UIFont+Extensions.swift in Sources */,
				9E324FF9207ACCF500C7168B /* UICollectionView+Extensions.swift in Sources */,
				9E41DDD720A8DF8A00A18E9A /* String+Extensions.swift in Sources */,
				9E391A12207324FB00492F54 /* Identifiable.swift in Sources */,
				9E391A0E2073110900492F54 /* UIView+Extensions.swift in Sources */,
				9E391A052073093C00492F54 /* UIColor+Extensions.swift in Sources */,
			);
			runOnlyForDeploymentPostprocessing = 0;
		};
		9E3919EA2073072200492F54 /* Sources */ = {
			isa = PBXSourcesBuildPhase;
			buildActionMask = 2147483647;
			files = (
				9E3919F62073072200492F54 /* KikoUIKitTests.swift in Sources */,
			);
			runOnlyForDeploymentPostprocessing = 0;
		};
/* End PBXSourcesBuildPhase section */

/* Begin PBXTargetDependency section */
		9E39197E2070856500492F54 /* PBXTargetDependency */ = {
			isa = PBXTargetDependency;
			target = 9E3919672070856500492F54 /* Kiko */;
			targetProxy = 9E39197D2070856500492F54 /* PBXContainerItemProxy */;
		};
		9E3919CC207305F800492F54 /* PBXTargetDependency */ = {
			isa = PBXTargetDependency;
			target = 9E3919C0207305F800492F54 /* KikoModels */;
			targetProxy = 9E3919CB207305F800492F54 /* PBXContainerItemProxy */;
		};
		9E3919CE207305F800492F54 /* PBXTargetDependency */ = {
			isa = PBXTargetDependency;
			target = 9E3919672070856500492F54 /* Kiko */;
			targetProxy = 9E3919CD207305F800492F54 /* PBXContainerItemProxy */;
		};
		9E3919D5207305F800492F54 /* PBXTargetDependency */ = {
			isa = PBXTargetDependency;
			target = 9E3919C0207305F800492F54 /* KikoModels */;
			targetProxy = 9E3919D4207305F800492F54 /* PBXContainerItemProxy */;
		};
		9E3919F12073072200492F54 /* PBXTargetDependency */ = {
			isa = PBXTargetDependency;
			target = 9E3919E52073072200492F54 /* KikoUIKit */;
			targetProxy = 9E3919F02073072200492F54 /* PBXContainerItemProxy */;
		};
		9E3919F32073072200492F54 /* PBXTargetDependency */ = {
			isa = PBXTargetDependency;
			target = 9E3919672070856500492F54 /* Kiko */;
			targetProxy = 9E3919F22073072200492F54 /* PBXContainerItemProxy */;
		};
		9E3919FA2073072200492F54 /* PBXTargetDependency */ = {
			isa = PBXTargetDependency;
			target = 9E3919E52073072200492F54 /* KikoUIKit */;
			targetProxy = 9E3919F92073072200492F54 /* PBXContainerItemProxy */;
		};
/* End PBXTargetDependency section */

/* Begin PBXVariantGroup section */
		9E3919742070856500492F54 /* LaunchScreen.storyboard */ = {
			isa = PBXVariantGroup;
			children = (
				9E3919752070856500492F54 /* Base */,
			);
			name = LaunchScreen.storyboard;
			sourceTree = "<group>";
		};
/* End PBXVariantGroup section */

/* Begin XCBuildConfiguration section */
		9E39198E2070856500492F54 /* Debug */ = {
			isa = XCBuildConfiguration;
			buildSettings = {
				ALWAYS_SEARCH_USER_PATHS = NO;
				CLANG_ANALYZER_NONNULL = YES;
				CLANG_ANALYZER_NUMBER_OBJECT_CONVERSION = YES_AGGRESSIVE;
				CLANG_CXX_LANGUAGE_STANDARD = "gnu++14";
				CLANG_CXX_LIBRARY = "libc++";
				CLANG_ENABLE_MODULES = YES;
				CLANG_ENABLE_OBJC_ARC = YES;
				CLANG_WARN_BLOCK_CAPTURE_AUTORELEASING = YES;
				CLANG_WARN_BOOL_CONVERSION = YES;
				CLANG_WARN_COMMA = YES;
				CLANG_WARN_CONSTANT_CONVERSION = YES;
				CLANG_WARN_DIRECT_OBJC_ISA_USAGE = YES_ERROR;
				CLANG_WARN_DOCUMENTATION_COMMENTS = YES;
				CLANG_WARN_EMPTY_BODY = YES;
				CLANG_WARN_ENUM_CONVERSION = YES;
				CLANG_WARN_INFINITE_RECURSION = YES;
				CLANG_WARN_INT_CONVERSION = YES;
				CLANG_WARN_NON_LITERAL_NULL_CONVERSION = YES;
				CLANG_WARN_OBJC_LITERAL_CONVERSION = YES;
				CLANG_WARN_OBJC_ROOT_CLASS = YES_ERROR;
				CLANG_WARN_RANGE_LOOP_ANALYSIS = YES;
				CLANG_WARN_STRICT_PROTOTYPES = YES;
				CLANG_WARN_SUSPICIOUS_MOVE = YES;
				CLANG_WARN_UNGUARDED_AVAILABILITY = YES_AGGRESSIVE;
				CLANG_WARN_UNREACHABLE_CODE = YES;
				CLANG_WARN__DUPLICATE_METHOD_MATCH = YES;
				CODE_SIGN_IDENTITY = "iPhone Developer";
				COPY_PHASE_STRIP = NO;
				DEBUG_INFORMATION_FORMAT = dwarf;
				ENABLE_STRICT_OBJC_MSGSEND = YES;
				ENABLE_TESTABILITY = YES;
				GCC_C_LANGUAGE_STANDARD = gnu11;
				GCC_DYNAMIC_NO_PIC = NO;
				GCC_NO_COMMON_BLOCKS = YES;
				GCC_OPTIMIZATION_LEVEL = 0;
				GCC_PREPROCESSOR_DEFINITIONS = (
					"DEBUG=1",
					"$(inherited)",
				);
				GCC_WARN_64_TO_32_BIT_CONVERSION = YES;
				GCC_WARN_ABOUT_RETURN_TYPE = YES_ERROR;
				GCC_WARN_UNDECLARED_SELECTOR = YES;
				GCC_WARN_UNINITIALIZED_AUTOS = YES_AGGRESSIVE;
				GCC_WARN_UNUSED_FUNCTION = YES;
				GCC_WARN_UNUSED_VARIABLE = YES;
				IPHONEOS_DEPLOYMENT_TARGET = 11.2;
				MTL_ENABLE_DEBUG_INFO = YES;
				ONLY_ACTIVE_ARCH = YES;
				SDKROOT = iphoneos;
				SWIFT_ACTIVE_COMPILATION_CONDITIONS = DEBUG;
				SWIFT_OPTIMIZATION_LEVEL = "-Onone";
			};
			name = Debug;
		};
		9E39198F2070856500492F54 /* Release */ = {
			isa = XCBuildConfiguration;
			buildSettings = {
				ALWAYS_SEARCH_USER_PATHS = NO;
				CLANG_ANALYZER_NONNULL = YES;
				CLANG_ANALYZER_NUMBER_OBJECT_CONVERSION = YES_AGGRESSIVE;
				CLANG_CXX_LANGUAGE_STANDARD = "gnu++14";
				CLANG_CXX_LIBRARY = "libc++";
				CLANG_ENABLE_MODULES = YES;
				CLANG_ENABLE_OBJC_ARC = YES;
				CLANG_WARN_BLOCK_CAPTURE_AUTORELEASING = YES;
				CLANG_WARN_BOOL_CONVERSION = YES;
				CLANG_WARN_COMMA = YES;
				CLANG_WARN_CONSTANT_CONVERSION = YES;
				CLANG_WARN_DIRECT_OBJC_ISA_USAGE = YES_ERROR;
				CLANG_WARN_DOCUMENTATION_COMMENTS = YES;
				CLANG_WARN_EMPTY_BODY = YES;
				CLANG_WARN_ENUM_CONVERSION = YES;
				CLANG_WARN_INFINITE_RECURSION = YES;
				CLANG_WARN_INT_CONVERSION = YES;
				CLANG_WARN_NON_LITERAL_NULL_CONVERSION = YES;
				CLANG_WARN_OBJC_LITERAL_CONVERSION = YES;
				CLANG_WARN_OBJC_ROOT_CLASS = YES_ERROR;
				CLANG_WARN_RANGE_LOOP_ANALYSIS = YES;
				CLANG_WARN_STRICT_PROTOTYPES = YES;
				CLANG_WARN_SUSPICIOUS_MOVE = YES;
				CLANG_WARN_UNGUARDED_AVAILABILITY = YES_AGGRESSIVE;
				CLANG_WARN_UNREACHABLE_CODE = YES;
				CLANG_WARN__DUPLICATE_METHOD_MATCH = YES;
				CODE_SIGN_IDENTITY = "iPhone Developer";
				COPY_PHASE_STRIP = NO;
				DEBUG_INFORMATION_FORMAT = "dwarf-with-dsym";
				ENABLE_NS_ASSERTIONS = NO;
				ENABLE_STRICT_OBJC_MSGSEND = YES;
				GCC_C_LANGUAGE_STANDARD = gnu11;
				GCC_NO_COMMON_BLOCKS = YES;
				GCC_WARN_64_TO_32_BIT_CONVERSION = YES;
				GCC_WARN_ABOUT_RETURN_TYPE = YES_ERROR;
				GCC_WARN_UNDECLARED_SELECTOR = YES;
				GCC_WARN_UNINITIALIZED_AUTOS = YES_AGGRESSIVE;
				GCC_WARN_UNUSED_FUNCTION = YES;
				GCC_WARN_UNUSED_VARIABLE = YES;
				IPHONEOS_DEPLOYMENT_TARGET = 11.2;
				MTL_ENABLE_DEBUG_INFO = NO;
				SDKROOT = iphoneos;
				SWIFT_OPTIMIZATION_LEVEL = "-Owholemodule";
				VALIDATE_PRODUCT = YES;
			};
			name = Release;
		};
		9E3919912070856500492F54 /* Debug */ = {
			isa = XCBuildConfiguration;
			baseConfigurationReference = ACADB0625A0A637F5BAB649C /* Pods-Kiko.debug.xcconfig */;
			buildSettings = {
				ALWAYS_EMBED_SWIFT_STANDARD_LIBRARIES = YES;
				ASSETCATALOG_COMPILER_APPICON_NAME = AppIcon;
				CODE_SIGN_STYLE = Automatic;
				DEVELOPMENT_TEAM = FSZ7DAUHLX;
				INFOPLIST_FILE = Kiko/Info.plist;
				LD_RUNPATH_SEARCH_PATHS = "$(inherited) @executable_path/Frameworks";
				PRODUCT_BUNDLE_IDENTIFIER = com.DanningGe.Kiko;
				PRODUCT_NAME = "$(TARGET_NAME)";
				SWIFT_VERSION = 4.0;
				TARGETED_DEVICE_FAMILY = "1,2";
			};
			name = Debug;
		};
		9E3919922070856500492F54 /* Release */ = {
			isa = XCBuildConfiguration;
			baseConfigurationReference = 3E6EB8C96D411FC6778C1FCC /* Pods-Kiko.release.xcconfig */;
			buildSettings = {
				ALWAYS_EMBED_SWIFT_STANDARD_LIBRARIES = YES;
				ASSETCATALOG_COMPILER_APPICON_NAME = AppIcon;
				CODE_SIGN_STYLE = Automatic;
				DEVELOPMENT_TEAM = FSZ7DAUHLX;
				INFOPLIST_FILE = Kiko/Info.plist;
				LD_RUNPATH_SEARCH_PATHS = "$(inherited) @executable_path/Frameworks";
				PRODUCT_BUNDLE_IDENTIFIER = com.DanningGe.Kiko;
				PRODUCT_NAME = "$(TARGET_NAME)";
				SWIFT_VERSION = 4.0;
				TARGETED_DEVICE_FAMILY = "1,2";
			};
			name = Release;
		};
		9E3919942070856500492F54 /* Debug */ = {
			isa = XCBuildConfiguration;
			baseConfigurationReference = 3342CD9DC94046ECA3902A97 /* Pods-KikoTests.debug.xcconfig */;
			buildSettings = {
				ALWAYS_EMBED_SWIFT_STANDARD_LIBRARIES = YES;
				BUNDLE_LOADER = "$(TEST_HOST)";
				CODE_SIGN_STYLE = Automatic;
				DEVELOPMENT_TEAM = FSZ7DAUHLX;
				INFOPLIST_FILE = KikoTests/Info.plist;
				LD_RUNPATH_SEARCH_PATHS = "$(inherited) @executable_path/Frameworks @loader_path/Frameworks";
				PRODUCT_BUNDLE_IDENTIFIER = com.DanningGe.KikoTests;
				PRODUCT_NAME = "$(TARGET_NAME)";
				SWIFT_VERSION = 4.0;
				TARGETED_DEVICE_FAMILY = "1,2";
				TEST_HOST = "$(BUILT_PRODUCTS_DIR)/Kiko.app/Kiko";
			};
			name = Debug;
		};
		9E3919952070856500492F54 /* Release */ = {
			isa = XCBuildConfiguration;
			baseConfigurationReference = FDFFCBB54888BA63B2276B64 /* Pods-KikoTests.release.xcconfig */;
			buildSettings = {
				ALWAYS_EMBED_SWIFT_STANDARD_LIBRARIES = YES;
				BUNDLE_LOADER = "$(TEST_HOST)";
				CODE_SIGN_STYLE = Automatic;
				DEVELOPMENT_TEAM = FSZ7DAUHLX;
				INFOPLIST_FILE = KikoTests/Info.plist;
				LD_RUNPATH_SEARCH_PATHS = "$(inherited) @executable_path/Frameworks @loader_path/Frameworks";
				PRODUCT_BUNDLE_IDENTIFIER = com.DanningGe.KikoTests;
				PRODUCT_NAME = "$(TARGET_NAME)";
				SWIFT_VERSION = 4.0;
				TARGETED_DEVICE_FAMILY = "1,2";
				TEST_HOST = "$(BUILT_PRODUCTS_DIR)/Kiko.app/Kiko";
			};
			name = Release;
		};
		9E3919D9207305F800492F54 /* Debug */ = {
			isa = XCBuildConfiguration;
			baseConfigurationReference = F4AFFFA4E97E7549211EB14B /* Pods-KikoModels.debug.xcconfig */;
			buildSettings = {
				CLANG_ENABLE_MODULES = YES;
				CODE_SIGN_IDENTITY = "";
				CODE_SIGN_STYLE = Automatic;
				CURRENT_PROJECT_VERSION = 1;
				DEFINES_MODULE = YES;
				DEVELOPMENT_TEAM = FSZ7DAUHLX;
				DYLIB_COMPATIBILITY_VERSION = 1;
				DYLIB_CURRENT_VERSION = 1;
				DYLIB_INSTALL_NAME_BASE = "@rpath";
				INFOPLIST_FILE = KikoModels/Info.plist;
				INSTALL_PATH = "$(LOCAL_LIBRARY_DIR)/Frameworks";
				LD_RUNPATH_SEARCH_PATHS = "$(inherited) @executable_path/Frameworks @loader_path/Frameworks";
				PRODUCT_BUNDLE_IDENTIFIER = com.DanningGe.KikoModels;
				PRODUCT_NAME = "$(TARGET_NAME:c99extidentifier)";
				SKIP_INSTALL = YES;
				SWIFT_OPTIMIZATION_LEVEL = "-Onone";
				SWIFT_VERSION = 4.0;
				TARGETED_DEVICE_FAMILY = "1,2";
				VERSIONING_SYSTEM = "apple-generic";
				VERSION_INFO_PREFIX = "";
			};
			name = Debug;
		};
		9E3919DA207305F800492F54 /* Release */ = {
			isa = XCBuildConfiguration;
			baseConfigurationReference = B902ED13E324BC87F32E0CCF /* Pods-KikoModels.release.xcconfig */;
			buildSettings = {
				CLANG_ENABLE_MODULES = YES;
				CODE_SIGN_IDENTITY = "";
				CODE_SIGN_STYLE = Automatic;
				CURRENT_PROJECT_VERSION = 1;
				DEFINES_MODULE = YES;
				DEVELOPMENT_TEAM = FSZ7DAUHLX;
				DYLIB_COMPATIBILITY_VERSION = 1;
				DYLIB_CURRENT_VERSION = 1;
				DYLIB_INSTALL_NAME_BASE = "@rpath";
				INFOPLIST_FILE = KikoModels/Info.plist;
				INSTALL_PATH = "$(LOCAL_LIBRARY_DIR)/Frameworks";
				LD_RUNPATH_SEARCH_PATHS = "$(inherited) @executable_path/Frameworks @loader_path/Frameworks";
				PRODUCT_BUNDLE_IDENTIFIER = com.DanningGe.KikoModels;
				PRODUCT_NAME = "$(TARGET_NAME:c99extidentifier)";
				SKIP_INSTALL = YES;
				SWIFT_VERSION = 4.0;
				TARGETED_DEVICE_FAMILY = "1,2";
				VERSIONING_SYSTEM = "apple-generic";
				VERSION_INFO_PREFIX = "";
			};
			name = Release;
		};
		9E3919DC207305F800492F54 /* Debug */ = {
			isa = XCBuildConfiguration;
			baseConfigurationReference = 223667FB34EBAC396ADE5CFD /* Pods-KikoModelsTests.debug.xcconfig */;
			buildSettings = {
				ALWAYS_EMBED_SWIFT_STANDARD_LIBRARIES = YES;
				CODE_SIGN_STYLE = Automatic;
				DEVELOPMENT_TEAM = FSZ7DAUHLX;
				INFOPLIST_FILE = KikoModelsTests/Info.plist;
				LD_RUNPATH_SEARCH_PATHS = "$(inherited) @executable_path/Frameworks @loader_path/Frameworks";
				PRODUCT_BUNDLE_IDENTIFIER = com.DanningGe.KikoModelsTests;
				PRODUCT_NAME = "$(TARGET_NAME)";
				SWIFT_VERSION = 4.0;
				TARGETED_DEVICE_FAMILY = "1,2";
				TEST_HOST = "$(BUILT_PRODUCTS_DIR)/Kiko.app/Kiko";
			};
			name = Debug;
		};
		9E3919DD207305F800492F54 /* Release */ = {
			isa = XCBuildConfiguration;
			baseConfigurationReference = 6AEB12078975DC02B78CB8FF /* Pods-KikoModelsTests.release.xcconfig */;
			buildSettings = {
				ALWAYS_EMBED_SWIFT_STANDARD_LIBRARIES = YES;
				CODE_SIGN_STYLE = Automatic;
				DEVELOPMENT_TEAM = FSZ7DAUHLX;
				INFOPLIST_FILE = KikoModelsTests/Info.plist;
				LD_RUNPATH_SEARCH_PATHS = "$(inherited) @executable_path/Frameworks @loader_path/Frameworks";
				PRODUCT_BUNDLE_IDENTIFIER = com.DanningGe.KikoModelsTests;
				PRODUCT_NAME = "$(TARGET_NAME)";
				SWIFT_VERSION = 4.0;
				TARGETED_DEVICE_FAMILY = "1,2";
				TEST_HOST = "$(BUILT_PRODUCTS_DIR)/Kiko.app/Kiko";
			};
			name = Release;
		};
		9E3919FE2073072200492F54 /* Debug */ = {
			isa = XCBuildConfiguration;
			buildSettings = {
				CLANG_ENABLE_MODULES = YES;
				CODE_SIGN_IDENTITY = "";
				CODE_SIGN_STYLE = Automatic;
				CURRENT_PROJECT_VERSION = 1;
				DEFINES_MODULE = YES;
				DEVELOPMENT_TEAM = FSZ7DAUHLX;
				DYLIB_COMPATIBILITY_VERSION = 1;
				DYLIB_CURRENT_VERSION = 1;
				DYLIB_INSTALL_NAME_BASE = "@rpath";
				INFOPLIST_FILE = KikoUIKit/Info.plist;
				INSTALL_PATH = "$(LOCAL_LIBRARY_DIR)/Frameworks";
				LD_RUNPATH_SEARCH_PATHS = "$(inherited) @executable_path/Frameworks @loader_path/Frameworks";
				PRODUCT_BUNDLE_IDENTIFIER = com.DanningGe.KikoUIKit;
				PRODUCT_NAME = "$(TARGET_NAME:c99extidentifier)";
				SKIP_INSTALL = YES;
				SWIFT_OPTIMIZATION_LEVEL = "-Onone";
				SWIFT_VERSION = 4.0;
				TARGETED_DEVICE_FAMILY = "1,2";
				VERSIONING_SYSTEM = "apple-generic";
				VERSION_INFO_PREFIX = "";
			};
			name = Debug;
		};
		9E3919FF2073072200492F54 /* Release */ = {
			isa = XCBuildConfiguration;
			buildSettings = {
				CLANG_ENABLE_MODULES = YES;
				CODE_SIGN_IDENTITY = "";
				CODE_SIGN_STYLE = Automatic;
				CURRENT_PROJECT_VERSION = 1;
				DEFINES_MODULE = YES;
				DEVELOPMENT_TEAM = FSZ7DAUHLX;
				DYLIB_COMPATIBILITY_VERSION = 1;
				DYLIB_CURRENT_VERSION = 1;
				DYLIB_INSTALL_NAME_BASE = "@rpath";
				INFOPLIST_FILE = KikoUIKit/Info.plist;
				INSTALL_PATH = "$(LOCAL_LIBRARY_DIR)/Frameworks";
				LD_RUNPATH_SEARCH_PATHS = "$(inherited) @executable_path/Frameworks @loader_path/Frameworks";
				PRODUCT_BUNDLE_IDENTIFIER = com.DanningGe.KikoUIKit;
				PRODUCT_NAME = "$(TARGET_NAME:c99extidentifier)";
				SKIP_INSTALL = YES;
				SWIFT_VERSION = 4.0;
				TARGETED_DEVICE_FAMILY = "1,2";
				VERSIONING_SYSTEM = "apple-generic";
				VERSION_INFO_PREFIX = "";
			};
			name = Release;
		};
		9E391A012073072200492F54 /* Debug */ = {
			isa = XCBuildConfiguration;
			buildSettings = {
				ALWAYS_EMBED_SWIFT_STANDARD_LIBRARIES = YES;
				CODE_SIGN_STYLE = Automatic;
				DEVELOPMENT_TEAM = FSZ7DAUHLX;
				INFOPLIST_FILE = KikoUIKitTests/Info.plist;
				LD_RUNPATH_SEARCH_PATHS = "$(inherited) @executable_path/Frameworks @loader_path/Frameworks";
				PRODUCT_BUNDLE_IDENTIFIER = com.DanningGe.KikoUIKitTests;
				PRODUCT_NAME = "$(TARGET_NAME)";
				SWIFT_VERSION = 4.0;
				TARGETED_DEVICE_FAMILY = "1,2";
				TEST_HOST = "$(BUILT_PRODUCTS_DIR)/Kiko.app/Kiko";
			};
			name = Debug;
		};
		9E391A022073072200492F54 /* Release */ = {
			isa = XCBuildConfiguration;
			buildSettings = {
				ALWAYS_EMBED_SWIFT_STANDARD_LIBRARIES = YES;
				CODE_SIGN_STYLE = Automatic;
				DEVELOPMENT_TEAM = FSZ7DAUHLX;
				INFOPLIST_FILE = KikoUIKitTests/Info.plist;
				LD_RUNPATH_SEARCH_PATHS = "$(inherited) @executable_path/Frameworks @loader_path/Frameworks";
				PRODUCT_BUNDLE_IDENTIFIER = com.DanningGe.KikoUIKitTests;
				PRODUCT_NAME = "$(TARGET_NAME)";
				SWIFT_VERSION = 4.0;
				TARGETED_DEVICE_FAMILY = "1,2";
				TEST_HOST = "$(BUILT_PRODUCTS_DIR)/Kiko.app/Kiko";
			};
			name = Release;
		};
/* End XCBuildConfiguration section */

/* Begin XCConfigurationList section */
		9E3919632070856500492F54 /* Build configuration list for PBXProject "Kiko" */ = {
			isa = XCConfigurationList;
			buildConfigurations = (
				9E39198E2070856500492F54 /* Debug */,
				9E39198F2070856500492F54 /* Release */,
			);
			defaultConfigurationIsVisible = 0;
			defaultConfigurationName = Release;
		};
		9E3919902070856500492F54 /* Build configuration list for PBXNativeTarget "Kiko" */ = {
			isa = XCConfigurationList;
			buildConfigurations = (
				9E3919912070856500492F54 /* Debug */,
				9E3919922070856500492F54 /* Release */,
			);
			defaultConfigurationIsVisible = 0;
			defaultConfigurationName = Release;
		};
		9E3919932070856500492F54 /* Build configuration list for PBXNativeTarget "KikoTests" */ = {
			isa = XCConfigurationList;
			buildConfigurations = (
				9E3919942070856500492F54 /* Debug */,
				9E3919952070856500492F54 /* Release */,
			);
			defaultConfigurationIsVisible = 0;
			defaultConfigurationName = Release;
		};
		9E3919D8207305F800492F54 /* Build configuration list for PBXNativeTarget "KikoModels" */ = {
			isa = XCConfigurationList;
			buildConfigurations = (
				9E3919D9207305F800492F54 /* Debug */,
				9E3919DA207305F800492F54 /* Release */,
			);
			defaultConfigurationIsVisible = 0;
			defaultConfigurationName = Release;
		};
		9E3919DB207305F800492F54 /* Build configuration list for PBXNativeTarget "KikoModelsTests" */ = {
			isa = XCConfigurationList;
			buildConfigurations = (
				9E3919DC207305F800492F54 /* Debug */,
				9E3919DD207305F800492F54 /* Release */,
			);
			defaultConfigurationIsVisible = 0;
			defaultConfigurationName = Release;
		};
		9E3919FD2073072200492F54 /* Build configuration list for PBXNativeTarget "KikoUIKit" */ = {
			isa = XCConfigurationList;
			buildConfigurations = (
				9E3919FE2073072200492F54 /* Debug */,
				9E3919FF2073072200492F54 /* Release */,
			);
			defaultConfigurationIsVisible = 0;
			defaultConfigurationName = Release;
		};
		9E391A002073072200492F54 /* Build configuration list for PBXNativeTarget "KikoUIKitTests" */ = {
			isa = XCConfigurationList;
			buildConfigurations = (
				9E391A012073072200492F54 /* Debug */,
				9E391A022073072200492F54 /* Release */,
			);
			defaultConfigurationIsVisible = 0;
			defaultConfigurationName = Release;
		};
/* End XCConfigurationList section */
	};
	rootObject = 9E3919602070856500492F54 /* Project object */;
}
